
Microsoft Visual Studio Solution File, Format Version 12.00
# Visual Studio Version 17
VisualStudioVersion = 17.9.34728.123
MinimumVisualStudioVersion = 10.0.40219.1
Project("{FAE04EC0-301F-11D3-BF4B-00C04F79EFBC}") = "Identity Table", "Identity Table\Identity Table.csproj", "{59BFB687-74F7-4A41-AD43-620528E14749}"
EndProject
Global
	GlobalSection(SolutionConfigurationPlatforms) = preSolution
		Debug|Any CPU = Debug|Any CPU
		Release|Any CPU = Release|Any CPU
	EndGlobalSection
	GlobalSection(ProjectConfigurationPlatforms) = postSolution
		{59BFB687-74F7-4A41-AD43-620528E14749}.Debug|Any CPU.ActiveCfg = Debug|Any CPU
		{59BFB687-74F7-4A41-AD43-620528E14749}.Debug|Any CPU.Build.0 = Debug|Any CPU
		{59BFB687-74F7-4A41-AD43-620528E14749}.Release|Any CPU.ActiveCfg = Release|Any CPU
		{59BFB687-74F7-4A41-AD43-620528E14749}.Release|Any CPU.Build.0 = Release|Any CPU
	EndGlobalSection
	GlobalSection(SolutionProperties) = preSolution
		HideSolutionNode = FALSE
	EndGlobalSection
	GlobalSection(ExtensibilityGlobals) = postSolution
		SolutionGuid = {2B729AB8-EB60-494E-A74D-70B337181F66}
	EndGlobalSection
EndGlobal
